
Microsoft Visual Studio Solution File, Format Version 12.00
# Visual Studio Version 17
VisualStudioVersion = 17.7.34024.191
MinimumVisualStudioVersion = 10.0.40219.1
Project("{FAE04EC0-301F-11D3-BF4B-00C04F79EFBC}") = "SimpleAdsHw-3.13.24.Web", "SimpleAdsHw-3.13.24.Web\SimpleAdsHw-3.13.24.Web.csproj", "{5BE1C7E8-5EC7-4736-8245-88B2F74E1F38}"
EndProject
Project("{FAE04EC0-301F-11D3-BF4B-00C04F79EFBC}") = "SimpleAdsHw-3.13.24.Data", "SimpleAdsHw-3.13.24.Data\SimpleAdsHw-3.13.24.Data.csproj", "{35B9FDC1-0E86-4690-90C0-97543FB2F8AA}"
EndProject
Global
	GlobalSection(SolutionConfigurationPlatforms) = preSolution
		Debug|Any CPU = Debug|Any CPU
		Release|Any CPU = Release|Any CPU
	EndGlobalSection
	GlobalSection(ProjectConfigurationPlatforms) = postSolution
		{5BE1C7E8-5EC7-4736-8245-88B2F74E1F38}.Debug|Any CPU.ActiveCfg = Debug|Any CPU
		{5BE1C7E8-5EC7-4736-8245-88B2F74E1F38}.Debug|Any CPU.Build.0 = Debug|Any CPU
		{5BE1C7E8-5EC7-4736-8245-88B2F74E1F38}.Release|Any CPU.ActiveCfg = Release|Any CPU
		{5BE1C7E8-5EC7-4736-8245-88B2F74E1F38}.Release|Any CPU.Build.0 = Release|Any CPU
		{35B9FDC1-0E86-4690-90C0-97543FB2F8AA}.Debug|Any CPU.ActiveCfg = Debug|Any CPU
		{35B9FDC1-0E86-4690-90C0-97543FB2F8AA}.Debug|Any CPU.Build.0 = Debug|Any CPU
		{35B9FDC1-0E86-4690-90C0-97543FB2F8AA}.Release|Any CPU.ActiveCfg = Release|Any CPU
		{35B9FDC1-0E86-4690-90C0-97543FB2F8AA}.Release|Any CPU.Build.0 = Release|Any CPU
	EndGlobalSection
	GlobalSection(SolutionProperties) = preSolution
		HideSolutionNode = FALSE
	EndGlobalSection
	GlobalSection(ExtensibilityGlobals) = postSolution
		SolutionGuid = {C5C9AF97-88C1-4F84-994D-215CE12644CC}
	EndGlobalSection
EndGlobal
